
Microsoft Visual Studio Solution File, Format Version 12.00
# Visual Studio Version 17
VisualStudioVersion = 17.14.37516.0 d17.14
MinimumVisualStudioVersion = 10.0.40219.1
Project("{FAE04EC0-301F-11D3-BF4B-00C04F79EFBC}") = "CapaModelo_MovimientosBancarios", "CapaModelo_MovimientosBancarios\CapaModelo_MovimientosBancarios.csproj", "{93E566A7-F964-4749-87E5-4AE5B5C96D24}"
EndProject
Project("{FAE04EC0-301F-11D3-BF4B-00C04F79EFBC}") = "CapaVista_MovimientosBancarios", "CapaVista_MovimientosBancarios\CapaVista_MovimientosBancarios.csproj", "{FC93E776-4CC8-4FC1-BDAA-5D5870134B5F}"
EndProject
Project("{FAE04EC0-301F-11D3-BF4B-00C04F79EFBC}") = "CapaControlador_MovimientosBancarios", "CapaControlador_MovimientosBancarios\CapaControlador_MovimientosBancarios.csproj", "{993DA596-FEF0-4C53-A17C-59EE4A4CED82}"
EndProject
Global
	GlobalSection(SolutionConfigurationPlatforms) = preSolution
		Debug|Any CPU = Debug|Any CPU
		Release|Any CPU = Release|Any CPU
	EndGlobalSection
	GlobalSection(ProjectConfigurationPlatforms) = postSolution
		{93E566A7-F964-4749-87E5-4AE5B5C96D24}.Debug|Any CPU.ActiveCfg = Debug|Any CPU
		{93E566A7-F964-4749-87E5-4AE5B5C96D24}.Debug|Any CPU.Build.0 = Debug|Any CPU
		{93E566A7-F964-4749-87E5-4AE5B5C96D24}.Release|Any CPU.ActiveCfg = Release|Any CPU
		{93E566A7-F964-4749-87E5-4AE5B5C96D24}.Release|Any CPU.Build.0 = Release|Any CPU
		{FC93E776-4CC8-4FC1-BDAA-5D5870134B5F}.Debug|Any CPU.ActiveCfg = Debug|Any CPU
		{FC93E776-4CC8-4FC1-BDAA-5D5870134B5F}.Debug|Any CPU.Build.0 = Debug|Any CPU
		{FC93E776-4CC8-4FC1-BDAA-5D5870134B5F}.Release|Any CPU.ActiveCfg = Release|Any CPU
		{FC93E776-4CC8-4FC1-BDAA-5D5870134B5F}.Release|Any CPU.Build.0 = Release|Any CPU
		{993DA596-FEF0-4C53-A17C-59EE4A4CED82}.Debug|Any CPU.ActiveCfg = Debug|Any CPU
		{993DA596-FEF0-4C53-A17C-59EE4A4CED82}.Debug|Any CPU.Build.0 = Debug|Any CPU
		{993DA596-FEF0-4C53-A17C-59EE4A4CED82}.Release|Any CPU.ActiveCfg = Release|Any CPU
		{993DA596-FEF0-4C53-A17C-59EE4A4CED82}.Release|Any CPU.Build.0 = Release|Any CPU
	EndGlobalSection
	GlobalSection(SolutionProperties) = preSolution
		HideSolutionNode = FALSE
	EndGlobalSection
	GlobalSection(ExtensibilityGlobals) = postSolution
		SolutionGuid = {9B282726-12C4-4C5D-8647-20A7FDC48E9B}
	EndGlobalSection
EndGlobal
